{
  "version": 4,
  "terraform_version": "1.1.7",
  "serial": 3,
  "lineage": "3bcfa730-2920-01c5-3485-3a1360288d62",
  "outputs": {},
  "resources": [
    {
      "mode": "managed",
      "type": "azurerm_resource_group",
      "name": "rg-aulainfracloud",
      "provider": "provider[\"registry.terraform.io/hashicorp/azurerm\"]",
      "instances": [
        {
          "schema_version": 0,
          "attributes": {
            "id": "/subscriptions/2675f9ab-1177-4f93-8eba-07faee89f892/resourceGroups/aulainfracloudterraform",
            "location": "westeurope",
            "name": "aulainfracloudterraform",
            "tags": null,
            "timeouts": null
          },
          "sensitive_attributes": [],
          "private": "eyJlMmJmYjczMC1lY2FhLTExZTYtOGY4OC0zNDM2M2JjN2M0YzAiOnsiY3JlYXRlIjo1NDAwMDAwMDAwMDAwLCJkZWxldGUiOjU0MDAwMDAwMDAwMDAsInJlYWQiOjMwMDAwMDAwMDAwMCwidXBkYXRlIjo1NDAwMDAwMDAwMDAwfX0="
        }
      ]
    },
    {
      "mode": "managed",
      "type": "azurerm_virtual_network",
      "name": "vnet-aulainfra",
      "provider": "provider[\"registry.terraform.io/hashicorp/azurerm\"]",
      "instances": [
        {
          "schema_version": 0,
          "attributes": {
            "address_space": [
              "10.0.0.0/16"
            ],
            "bgp_community": "",
            "ddos_protection_plan": [],
            "dns_servers": [],
            "edge_zone": "",
            "flow_timeout_in_minutes": 0,
            "guid": "b283313d-c524-47e2-9ca8-bb26cbc35363",
            "id": "/subscriptions/2675f9ab-1177-4f93-8eba-07faee89f892/resourceGroups/aulainfracloudterraform/providers/Microsoft.Network/virtualNetworks/vnet-aula",
            "location": "westeurope",
            "name": "vnet-aula",
            "resource_group_name": "aulainfracloudterraform",
            "subnet": [],
            "tags": {
              "environment": "Production",
              "faculdade": "Impacta",
              "turma": "ES23"
            },
            "timeouts": null
          },
          "sensitive_attributes": [],
          "private": "eyJlMmJmYjczMC1lY2FhLTExZTYtOGY4OC0zNDM2M2JjN2M0YzAiOnsiY3JlYXRlIjoxODAwMDAwMDAwMDAwLCJkZWxldGUiOjE4MDAwMDAwMDAwMDAsInJlYWQiOjMwMDAwMDAwMDAwMCwidXBkYXRlIjoxODAwMDAwMDAwMDAwfX0=",
          "dependencies": [
            "azurerm_resource_group.rg-aulainfracloud"
          ]
        }
      ]
    }
  ]
}
