{
  "version": 4,
  "terraform_version": "1.1.7",
  "serial": 12,
  "lineage": "3bcfa730-2920-01c5-3485-3a1360288d62",
  "outputs": {},
  "resources": [
    {
      "mode": "data",
      "type": "azurerm_public_ip",
      "name": "ip-aula",
      "provider": "provider[\"registry.terraform.io/hashicorp/azurerm\"]",
      "instances": [
        {
          "schema_version": 0,
          "attributes": {
            "allocation_method": "Static",
            "domain_name_label": "",
            "fqdn": "",
            "id": "/subscriptions/2675f9ab-1177-4f93-8eba-07faee89f892/resourceGroups/aulainfracloudterraform/providers/Microsoft.Network/publicIPAddresses/ip-aula",
            "idle_timeout_in_minutes": 4,
            "ip_address": "20.224.248.182",
            "ip_tags": {},
            "ip_version": "IPv4",
            "location": "westeurope",
            "name": "ip-aula",
            "resource_group_name": "aulainfracloudterraform",
            "reverse_fqdn": "",
            "sku": "Basic",
            "tags": {
              "environment": "Production"
            },
            "timeouts": null,
            "zones": []
          },
          "sensitive_attributes": []
        }
      ]
    },
    {
      "mode": "managed",
      "type": "azurerm_network_interface",
      "name": "nic-aulainfra",
      "provider": "provider[\"registry.terraform.io/hashicorp/azurerm\"]",
      "instances": [
        {
          "schema_version": 0,
          "attributes": {
            "applied_dns_servers": [],
            "dns_servers": [],
            "edge_zone": "",
            "enable_accelerated_networking": false,
            "enable_ip_forwarding": false,
            "id": "/subscriptions/2675f9ab-1177-4f93-8eba-07faee89f892/resourceGroups/aulainfracloudterraform/providers/Microsoft.Network/networkInterfaces/nic-aula",
            "internal_dns_name_label": "",
            "internal_domain_name_suffix": "huyyhmreyxrephfixmtmxq0tmd.ax.internal.cloudapp.net",
            "ip_configuration": [
              {
                "gateway_load_balancer_frontend_ip_configuration_id": "",
                "name": "ip-aula-nic",
                "primary": true,
                "private_ip_address": "10.0.1.4",
                "private_ip_address_allocation": "Dynamic",
                "private_ip_address_version": "IPv4",
                "public_ip_address_id": "/subscriptions/2675f9ab-1177-4f93-8eba-07faee89f892/resourceGroups/aulainfracloudterraform/providers/Microsoft.Network/publicIPAddresses/ip-aula",
                "subnet_id": "/subscriptions/2675f9ab-1177-4f93-8eba-07faee89f892/resourceGroups/aulainfracloudterraform/providers/Microsoft.Network/virtualNetworks/vnet-aula/subnets/sub-aula"
              }
            ],
            "location": "westeurope",
            "mac_address": "",
            "name": "nic-aula",
            "private_ip_address": "10.0.1.4",
            "private_ip_addresses": [
              "10.0.1.4"
            ],
            "resource_group_name": "aulainfracloudterraform",
            "tags": null,
            "timeouts": null,
            "virtual_machine_id": ""
          },
          "sensitive_attributes": [],
          "private": "eyJlMmJmYjczMC1lY2FhLTExZTYtOGY4OC0zNDM2M2JjN2M0YzAiOnsiY3JlYXRlIjoxODAwMDAwMDAwMDAwLCJkZWxldGUiOjE4MDAwMDAwMDAwMDAsInJlYWQiOjMwMDAwMDAwMDAwMCwidXBkYXRlIjoxODAwMDAwMDAwMDAwfX0=",
          "dependencies": [
            "azurerm_public_ip.ip-aulainfra",
            "azurerm_resource_group.rg-aulainfracloud",
            "azurerm_subnet.sub-aulainfra",
            "azurerm_virtual_network.vnet-aulainfra"
          ]
        }
      ]
    },
    {
      "mode": "managed",
      "type": "azurerm_network_interface_security_group_association",
      "name": "nic-nsg-aulainfra",
      "provider": "provider[\"registry.terraform.io/hashicorp/azurerm\"]",
      "instances": [
        {
          "schema_version": 0,
          "attributes": {
            "id": "/subscriptions/2675f9ab-1177-4f93-8eba-07faee89f892/resourceGroups/aulainfracloudterraform/providers/Microsoft.Network/networkInterfaces/nic-aula|/subscriptions/2675f9ab-1177-4f93-8eba-07faee89f892/resourceGroups/aulainfracloudterraform/providers/Microsoft.Network/networkSecurityGroups/nsg-aula",
            "network_interface_id": "/subscriptions/2675f9ab-1177-4f93-8eba-07faee89f892/resourceGroups/aulainfracloudterraform/providers/Microsoft.Network/networkInterfaces/nic-aula",
            "network_security_group_id": "/subscriptions/2675f9ab-1177-4f93-8eba-07faee89f892/resourceGroups/aulainfracloudterraform/providers/Microsoft.Network/networkSecurityGroups/nsg-aula",
            "timeouts": null
          },
          "sensitive_attributes": [],
          "private": "eyJlMmJmYjczMC1lY2FhLTExZTYtOGY4OC0zNDM2M2JjN2M0YzAiOnsiY3JlYXRlIjoxODAwMDAwMDAwMDAwLCJkZWxldGUiOjE4MDAwMDAwMDAwMDAsInJlYWQiOjMwMDAwMDAwMDAwMCwidXBkYXRlIjoxODAwMDAwMDAwMDAwfX0=",
          "dependencies": [
            "azurerm_network_interface.nic-aulainfra",
            "azurerm_network_security_group.nsg-aulainfra",
            "azurerm_public_ip.ip-aulainfra",
            "azurerm_resource_group.rg-aulainfracloud",
            "azurerm_subnet.sub-aulainfra",
            "azurerm_virtual_network.vnet-aulainfra"
          ]
        }
      ]
    },
    {
      "mode": "managed",
      "type": "azurerm_network_security_group",
      "name": "nsg-aulainfra",
      "provider": "provider[\"registry.terraform.io/hashicorp/azurerm\"]",
      "instances": [
        {
          "schema_version": 0,
          "attributes": {
            "id": "/subscriptions/2675f9ab-1177-4f93-8eba-07faee89f892/resourceGroups/aulainfracloudterraform/providers/Microsoft.Network/networkSecurityGroups/nsg-aula",
            "location": "westeurope",
            "name": "nsg-aula",
            "resource_group_name": "aulainfracloudterraform",
            "security_rule": [
              {
                "access": "Allow",
                "description": "",
                "destination_address_prefix": "*",
                "destination_address_prefixes": [],
                "destination_application_security_group_ids": [],
                "destination_port_range": "22",
                "destination_port_ranges": [],
                "direction": "Inbound",
                "name": "SSH",
                "priority": 1001,
                "protocol": "Tcp",
                "source_address_prefix": "*",
                "source_address_prefixes": [],
                "source_application_security_group_ids": [],
                "source_port_range": "*",
                "source_port_ranges": []
              },
              {
                "access": "Allow",
                "description": "",
                "destination_address_prefix": "*",
                "destination_address_prefixes": [],
                "destination_application_security_group_ids": [],
                "destination_port_range": "80",
                "destination_port_ranges": [],
                "direction": "Inbound",
                "name": "web",
                "priority": 1003,
                "protocol": "Tcp",
                "source_address_prefix": "*",
                "source_address_prefixes": [],
                "source_application_security_group_ids": [],
                "source_port_range": "*",
                "source_port_ranges": []
              }
            ],
            "tags": {
              "environment": "Production"
            },
            "timeouts": null
          },
          "sensitive_attributes": [],
          "private": "eyJlMmJmYjczMC1lY2FhLTExZTYtOGY4OC0zNDM2M2JjN2M0YzAiOnsiY3JlYXRlIjoxODAwMDAwMDAwMDAwLCJkZWxldGUiOjE4MDAwMDAwMDAwMDAsInJlYWQiOjMwMDAwMDAwMDAwMCwidXBkYXRlIjoxODAwMDAwMDAwMDAwfX0=",
          "dependencies": [
            "azurerm_resource_group.rg-aulainfracloud"
          ]
        }
      ]
    },
    {
      "mode": "managed",
      "type": "azurerm_public_ip",
      "name": "ip-aulainfra",
      "provider": "provider[\"registry.terraform.io/hashicorp/azurerm\"]",
      "instances": [
        {
          "schema_version": 0,
          "attributes": {
            "allocation_method": "Static",
            "domain_name_label": null,
            "edge_zone": "",
            "fqdn": null,
            "id": "/subscriptions/2675f9ab-1177-4f93-8eba-07faee89f892/resourceGroups/aulainfracloudterraform/providers/Microsoft.Network/publicIPAddresses/ip-aula",
            "idle_timeout_in_minutes": 4,
            "ip_address": "20.224.248.182",
            "ip_tags": null,
            "ip_version": "IPv4",
            "location": "westeurope",
            "name": "ip-aula",
            "public_ip_prefix_id": null,
            "resource_group_name": "aulainfracloudterraform",
            "reverse_fqdn": null,
            "sku": "Basic",
            "sku_tier": "Regional",
            "tags": {
              "environment": "Production"
            },
            "timeouts": null,
            "zones": null
          },
          "sensitive_attributes": [],
          "private": "eyJlMmJmYjczMC1lY2FhLTExZTYtOGY4OC0zNDM2M2JjN2M0YzAiOnsiY3JlYXRlIjoxODAwMDAwMDAwMDAwLCJkZWxldGUiOjE4MDAwMDAwMDAwMDAsInJlYWQiOjMwMDAwMDAwMDAwMCwidXBkYXRlIjoxODAwMDAwMDAwMDAwfX0=",
          "dependencies": [
            "azurerm_resource_group.rg-aulainfracloud"
          ]
        }
      ]
    },
    {
      "mode": "managed",
      "type": "azurerm_resource_group",
      "name": "rg-aulainfracloud",
      "provider": "provider[\"registry.terraform.io/hashicorp/azurerm\"]",
      "instances": [
        {
          "schema_version": 0,
          "attributes": {
            "id": "/subscriptions/2675f9ab-1177-4f93-8eba-07faee89f892/resourceGroups/aulainfracloudterraform",
            "location": "westeurope",
            "name": "aulainfracloudterraform",
            "tags": {},
            "timeouts": null
          },
          "sensitive_attributes": [],
          "private": "eyJlMmJmYjczMC1lY2FhLTExZTYtOGY4OC0zNDM2M2JjN2M0YzAiOnsiY3JlYXRlIjo1NDAwMDAwMDAwMDAwLCJkZWxldGUiOjU0MDAwMDAwMDAwMDAsInJlYWQiOjMwMDAwMDAwMDAwMCwidXBkYXRlIjo1NDAwMDAwMDAwMDAwfX0="
        }
      ]
    },
    {
      "mode": "managed",
      "type": "azurerm_subnet",
      "name": "sub-aulainfra",
      "provider": "provider[\"registry.terraform.io/hashicorp/azurerm\"]",
      "instances": [
        {
          "schema_version": 0,
          "attributes": {
            "address_prefixes": [
              "10.0.1.0/24"
            ],
            "delegation": [],
            "enforce_private_link_endpoint_network_policies": false,
            "enforce_private_link_service_network_policies": false,
            "id": "/subscriptions/2675f9ab-1177-4f93-8eba-07faee89f892/resourceGroups/aulainfracloudterraform/providers/Microsoft.Network/virtualNetworks/vnet-aula/subnets/sub-aula",
            "name": "sub-aula",
            "resource_group_name": "aulainfracloudterraform",
            "service_endpoint_policy_ids": null,
            "service_endpoints": null,
            "timeouts": null,
            "virtual_network_name": "vnet-aula"
          },
          "sensitive_attributes": [],
          "private": "eyJlMmJmYjczMC1lY2FhLTExZTYtOGY4OC0zNDM2M2JjN2M0YzAiOnsiY3JlYXRlIjoxODAwMDAwMDAwMDAwLCJkZWxldGUiOjE4MDAwMDAwMDAwMDAsInJlYWQiOjMwMDAwMDAwMDAwMCwidXBkYXRlIjoxODAwMDAwMDAwMDAwfX0=",
          "dependencies": [
            "azurerm_resource_group.rg-aulainfracloud",
            "azurerm_virtual_network.vnet-aulainfra"
          ]
        }
      ]
    },
    {
      "mode": "managed",
      "type": "azurerm_virtual_network",
      "name": "vnet-aulainfra",
      "provider": "provider[\"registry.terraform.io/hashicorp/azurerm\"]",
      "instances": [
        {
          "schema_version": 0,
          "attributes": {
            "address_space": [
              "10.0.0.0/16"
            ],
            "bgp_community": "",
            "ddos_protection_plan": [],
            "dns_servers": [],
            "edge_zone": "",
            "flow_timeout_in_minutes": 0,
            "guid": "b283313d-c524-47e2-9ca8-bb26cbc35363",
            "id": "/subscriptions/2675f9ab-1177-4f93-8eba-07faee89f892/resourceGroups/aulainfracloudterraform/providers/Microsoft.Network/virtualNetworks/vnet-aula",
            "location": "westeurope",
            "name": "vnet-aula",
            "resource_group_name": "aulainfracloudterraform",
            "subnet": [],
            "tags": {
              "environment": "Production",
              "faculdade": "Impacta",
              "turma": "ES23"
            },
            "timeouts": null
          },
          "sensitive_attributes": [],
          "private": "eyJlMmJmYjczMC1lY2FhLTExZTYtOGY4OC0zNDM2M2JjN2M0YzAiOnsiY3JlYXRlIjoxODAwMDAwMDAwMDAwLCJkZWxldGUiOjE4MDAwMDAwMDAwMDAsInJlYWQiOjMwMDAwMDAwMDAwMCwidXBkYXRlIjoxODAwMDAwMDAwMDAwfX0=",
          "dependencies": [
            "azurerm_resource_group.rg-aulainfracloud"
          ]
        }
      ]
    },
    {
      "mode": "managed",
      "type": "null_resource",
      "name": "install-apache",
      "provider": "provider[\"registry.terraform.io/hashicorp/null\"]",
      "instances": []
    },
    {
      "mode": "managed",
      "type": "null_resource",
      "name": "upload-app",
      "provider": "provider[\"registry.terraform.io/hashicorp/null\"]",
      "instances": []
    }
  ]
}
